
Microsoft Visual Studio Solution File, Format Version 12.00
# Visual Studio Version 17
VisualStudioVersion = 17.7.34031.279
MinimumVisualStudioVersion = 10.0.40219.1
Project("{FAE04EC0-301F-11D3-BF4B-00C04F79EFBC}") = "Blockcourse_Processing", "Blockcourse_Processing\Blockcourse_Processing.csproj", "{B7D6CE3E-0120-4FE5-BF7C-E084C753C845}"
EndProject
Project("{FAE04EC0-301F-11D3-BF4B-00C04F79EFBC}") = "Blockcourse_Processing.Core", "Blockcourse_Processing.Core\Blockcourse_Processing.Core.csproj", "{26A84CC3-BE5D-46BB-A121-8EDF824A4990}"
EndProject
Project("{FAE04EC0-301F-11D3-BF4B-00C04F79EFBC}") = "Blockcourse_Processing.DataLayer", "Blockcourse_Processing.DataLayer\Blockcourse_Processing.DataLayer.csproj", "{53B11FA2-AEF9-4634-BDA0-FBA9FD49449A}"
EndProject
Global
	GlobalSection(SolutionConfigurationPlatforms) = preSolution
		Debug|Any CPU = Debug|Any CPU
		Release|Any CPU = Release|Any CPU
	EndGlobalSection
	GlobalSection(ProjectConfigurationPlatforms) = postSolution
		{B7D6CE3E-0120-4FE5-BF7C-E084C753C845}.Debug|Any CPU.ActiveCfg = Debug|Any CPU
		{B7D6CE3E-0120-4FE5-BF7C-E084C753C845}.Debug|Any CPU.Build.0 = Debug|Any CPU
		{B7D6CE3E-0120-4FE5-BF7C-E084C753C845}.Release|Any CPU.ActiveCfg = Release|Any CPU
		{B7D6CE3E-0120-4FE5-BF7C-E084C753C845}.Release|Any CPU.Build.0 = Release|Any CPU
		{26A84CC3-BE5D-46BB-A121-8EDF824A4990}.Debug|Any CPU.ActiveCfg = Debug|Any CPU
		{26A84CC3-BE5D-46BB-A121-8EDF824A4990}.Debug|Any CPU.Build.0 = Debug|Any CPU
		{26A84CC3-BE5D-46BB-A121-8EDF824A4990}.Release|Any CPU.ActiveCfg = Release|Any CPU
		{26A84CC3-BE5D-46BB-A121-8EDF824A4990}.Release|Any CPU.Build.0 = Release|Any CPU
		{53B11FA2-AEF9-4634-BDA0-FBA9FD49449A}.Debug|Any CPU.ActiveCfg = Debug|Any CPU
		{53B11FA2-AEF9-4634-BDA0-FBA9FD49449A}.Debug|Any CPU.Build.0 = Debug|Any CPU
		{53B11FA2-AEF9-4634-BDA0-FBA9FD49449A}.Release|Any CPU.ActiveCfg = Release|Any CPU
		{53B11FA2-AEF9-4634-BDA0-FBA9FD49449A}.Release|Any CPU.Build.0 = Release|Any CPU
	EndGlobalSection
	GlobalSection(SolutionProperties) = preSolution
		HideSolutionNode = FALSE
	EndGlobalSection
	GlobalSection(ExtensibilityGlobals) = postSolution
		SolutionGuid = {C03F89B4-ECDA-4711-9E77-19C0C4BEC66D}
	EndGlobalSection
EndGlobal
